// !$*UTF8*$!
{
	archiveVersion = 1;
	classes = {
	};
	objectVersion = 110;
	objects = {

/* Begin PBXContainerItemProxy section */
		8A57D3DB305E3D7300FF0291 /* PBXContainerItemProxy */ = {
			isa = PBXContainerItemProxy;
			containerPortal = 8A57D3C3305E3D7200FF0291 /* Project object */;
			proxyType = 1;
			remoteGlobalIDString = 8A57D3CA305E3D7200FF0291;
			remoteInfo = GooCal;
		};
		8A57D3E5305E3D7300FF0291 /* PBXContainerItemProxy */ = {
			isa = PBXContainerItemProxy;
			containerPortal = 8A57D3C3305E3D7200FF0291 /* Project object */;
			proxyType = 1;
			remoteGlobalIDString = 8A57D3CA305E3D7200FF0291;
			remoteInfo = GooCal;
		};
/* End PBXContainerItemProxy section */

/* Begin PBXFileReference section */
		8A57D3CB305E3D7200FF0291 /* GooCal.app */ = {isa = PBXFileReference; explicitFileType = wrapper.application; includeInIndex = 0; path = GooCal.app; sourceTree = BUILT_PRODUCTS_DIR; };
		8A57D3DA305E3D7300FF0291 /* GooCalTests.xctest */ = {isa = PBXFileReference; explicitFileType = wrapper.cfbundle; includeInIndex = 0; path = GooCalTests.xctest; sourceTree = BUILT_PRODUCTS_DIR; };
		8A57D3E4305E3D7300FF0291 /* GooCalUITests.xctest */ = {isa = PBXFileReference; explicitFileType = wrapper.cfbundle; includeInIndex = 0; path = GooCalUITests.xctest; sourceTree = BUILT_PRODUCTS_DIR; };
/* End PBXFileReference section */

/* Begin PBXFileSystemSynchronizedRootGroup section */
		8A57D3CD305E3D7200FF0291 /* GooCal */ = {
			isa = PBXFileSystemSynchronizedRootGroup;
			path = GooCal;
			sourceTree = "<group>";
		};
		8A57D3DD305E3D7300FF0291 /* GooCalTests */ = {
			isa = PBXFileSystemSynchronizedRootGroup;
			path = GooCalTests;
			sourceTree = "<group>";
		};
		8A57D3E7305E3D7300FF0291 /* GooCalUITests */ = {
			isa = PBXFileSystemSynchronizedRootGroup;
			path = GooCalUITests;
			sourceTree = "<group>";
		};
/* End PBXFileSystemSynchronizedRootGroup section */

/* Begin PBXFrameworksBuildPhase section */
		8A57D3C8305E3D7200FF0291 /* Frameworks */ = {
			isa = PBXFrameworksBuildPhase;
			files = (
			);
		};
		8A57D3D7305E3D7300FF0291 /* Frameworks */ = {
			isa = PBXFrameworksBuildPhase;
			files = (
			);
		};
		8A57D3E1305E3D7300FF0291 /* Frameworks */ = {
			isa = PBXFrameworksBuildPhase;
			files = (
			);
		};
/* End PBXFrameworksBuildPhase section */

/* Begin PBXGroup section */
		8A57D3C2305E3D7200FF0291 = {
			isa = PBXGroup;
			children = (
				8A57D3CD305E3D7200FF0291 /* GooCal */,
				8A57D3DD305E3D7300FF0291 /* GooCalTests */,
				8A57D3E7305E3D7300FF0291 /* GooCalUITests */,
				8A57D3CC305E3D7200FF0291 /* Products */,
			);
			sourceTree = "<group>";
		};
		8A57D3CC305E3D7200FF0291 /* Products */ = {
			isa = PBXGroup;
			children = (
				8A57D3CB305E3D7200FF0291 /* GooCal.app */,
				8A57D3DA305E3D7300FF0291 /* GooCalTests.xctest */,
				8A57D3E4305E3D7300FF0291 /* GooCalUITests.xctest */,
			);
			name = Products;
			sourceTree = "<group>";
		};
/* End PBXGroup section */

/* Begin PBXNativeTarget section */
		8A57D3CA305E3D7200FF0291 /* GooCal */ = {
			isa = PBXNativeTarget;
			buildConfigurationList = 8A57D3EC305E3D7300FF0291 /* Build configuration list for PBXNativeTarget "GooCal" */;
			buildPhases = (
				8A57D3C7305E3D7200FF0291 /* Sources */,
				8A57D3C8305E3D7200FF0291 /* Frameworks */,
				8A57D3C9305E3D7200FF0291 /* Resources */,
			);
			buildRules = (
			);
			fileSystemSynchronizedGroups = (
				8A57D3CD305E3D7200FF0291 /* GooCal */,
			);
			name = GooCal;
			productName = GooCal;
			productReference = 8A57D3CB305E3D7200FF0291 /* GooCal.app */;
			productType = "com.apple.product-type.application";
		};
		8A57D3D9305E3D7300FF0291 /* GooCalTests */ = {
			isa = PBXNativeTarget;
			buildConfigurationList = 8A57D3EF305E3D7300FF0291 /* Build configuration list for PBXNativeTarget "GooCalTests" */;
			buildPhases = (
				8A57D3D6305E3D7300FF0291 /* Sources */,
				8A57D3D7305E3D7300FF0291 /* Frameworks */,
				8A57D3D8305E3D7300FF0291 /* Resources */,
			);
			buildRules = (
			);
			dependencies = (
				8A57D3DC305E3D7300FF0291 /* PBXTargetDependency */,
			);
			fileSystemSynchronizedGroups = (
				8A57D3DD305E3D7300FF0291 /* GooCalTests */,
			);
			name = GooCalTests;
			productName = GooCalTests;
			productReference = 8A57D3DA305E3D7300FF0291 /* GooCalTests.xctest */;
			productType = "com.apple.product-type.bundle.unit-test";
		};
		8A57D3E3305E3D7300FF0291 /* GooCalUITests */ = {
			isa = PBXNativeTarget;
			buildConfigurationList = 8A57D3F2305E3D7300FF0291 /* Build configuration list for PBXNativeTarget "GooCalUITests" */;
			buildPhases = (
				8A57D3E0305E3D7300FF0291 /* Sources */,
				8A57D3E1305E3D7300FF0291 /* Frameworks */,
				8A57D3E2305E3D7300FF0291 /* Resources */,
			);
			buildRules = (
			);
			dependencies = (
				8A57D3E6305E3D7300FF0291 /* PBXTargetDependency */,
			);
			fileSystemSynchronizedGroups = (
				8A57D3E7305E3D7300FF0291 /* GooCalUITests */,
			);
			name = GooCalUITests;
			productName = GooCalUITests;
			productReference = 8A57D3E4305E3D7300FF0291 /* GooCalUITests.xctest */;
			productType = "com.apple.product-type.bundle.ui-testing";
		};
/* End PBXNativeTarget section */

/* Begin PBXProject section */
		8A57D3C3305E3D7200FF0291 /* Project object */ = {
			isa = PBXProject;
			attributes = {
				BuildIndependentTargetsInParallel = 1;
				LastSwiftUpdateCheck = 2700;
				LastUpgradeCheck = 2700;
				TargetAttributes = {
					8A57D3CA305E3D7200FF0291 = {
						CreatedOnToolsVersion = 27.0;
					};
					8A57D3D9305E3D7300FF0291 = {
						CreatedOnToolsVersion = 27.0;
						TestTargetID = 8A57D3CA305E3D7200FF0291;
					};
					8A57D3E3305E3D7300FF0291 = {
						CreatedOnToolsVersion = 27.0;
						TestTargetID = 8A57D3CA305E3D7200FF0291;
					};
				};
			};
			buildConfigurationList = 8A57D3C6305E3D7200FF0291 /* Build configuration list for PBXProject "GooCal" */;
			developmentRegion = en;
			hasScannedForEncodings = 0;
			knownRegions = (
				en,
				Base,
			);
			mainGroup = 8A57D3C2305E3D7200FF0291;
			minimizedProjectReferenceProxies = 1;
			preferredProjectObjectVersion = 77;
			productRefGroup = 8A57D3CC305E3D7200FF0291 /* Products */;
			projectDirPath = "";
			projectRoot = "";
			targets = (
				8A57D3CA305E3D7200FF0291 /* GooCal */,
				8A57D3D9305E3D7300FF0291 /* GooCalTests */,
				8A57D3E3305E3D7300FF0291 /* GooCalUITests */,
			);
		};
/* End PBXProject section */

/* Begin PBXResourcesBuildPhase section */
		8A57D3C9305E3D7200FF0291 /* Resources */ = {
			isa = PBXResourcesBuildPhase;
			files = (
			);
		};
		8A57D3D8305E3D7300FF0291 /* Resources */ = {
			isa = PBXResourcesBuildPhase;
			files = (
			);
		};
		8A57D3E2305E3D7300FF0291 /* Resources */ = {
			isa = PBXResourcesBuildPhase;
			files = (
			);
		};
/* End PBXResourcesBuildPhase section */

/* Begin PBXSourcesBuildPhase section */
		8A57D3C7305E3D7200FF0291 /* Sources */ = {
			isa = PBXSourcesBuildPhase;
			files = (
			);
		};
		8A57D3D6305E3D7300FF0291 /* Sources */ = {
			isa = PBXSourcesBuildPhase;
			files = (
			);
		};
		8A57D3E0305E3D7300FF0291 /* Sources */ = {
			isa = PBXSourcesBuildPhase;
			files = (
			);
		};
/* End PBXSourcesBuildPhase section */

/* Begin PBXTargetDependency section */
		8A57D3DC305E3D7300FF0291 /* PBXTargetDependency */ = {
			isa = PBXTargetDependency;
			target = 8A57D3CA305E3D7200FF0291 /* GooCal */;
			targetProxy = 8A57D3DB305E3D7300FF0291 /* PBXContainerItemProxy */;
		};
		8A57D3E6305E3D7300FF0291 /* PBXTargetDependency */ = {
			isa = PBXTargetDependency;
			target = 8A57D3CA305E3D7200FF0291 /* GooCal */;
			targetProxy = 8A57D3E5305E3D7300FF0291 /* PBXContainerItemProxy */;
		};
/* End PBXTargetDependency section */

/* Begin XCBuildConfiguration section */
		8A57D3EA305E3D7300FF0291 /* Debug configuration for PBXProject "GooCal" */ = {
			isa = XCBuildConfiguration;
			buildSettings = {
				ALWAYS_SEARCH_USER_PATHS = NO;
				ASSETCATALOG_COMPILER_GENERATE_SWIFT_ASSET_SYMBOL_EXTENSIONS = YES;
				CLANG_ANALYZER_NONNULL = YES;
				CLANG_ANALYZER_NUMBER_OBJECT_CONVERSION = YES_AGGRESSIVE;
				CLANG_CXX_LANGUAGE_STANDARD = "gnu++20";
				CLANG_ENABLE_MODULES = YES;
				CLANG_ENABLE_OBJC_ARC = YES;
				CLANG_ENABLE_OBJC_WEAK = YES;
				CLANG_WARN_BLOCK_CAPTURE_AUTORELEASING = YES;
				CLANG_WARN_BOOL_CONVERSION = YES;
				CLANG_WARN_COMMA = YES;
				CLANG_WARN_CONSTANT_CONVERSION = YES;
				CLANG_WARN_DEPRECATED_OBJC_IMPLEMENTATIONS = YES;
				CLANG_WARN_DIRECT_OBJC_ISA_USAGE = YES_ERROR;
				CLANG_WARN_DOCUMENTATION_COMMENTS = YES;
				CLANG_WARN_EMPTY_BODY = YES;
				CLANG_WARN_ENUM_CONVERSION = YES;
				CLANG_WARN_INFINITE_RECURSION = YES;
				CLANG_WARN_INT_CONVERSION = YES;
				CLANG_WARN_NON_LITERAL_NULL_CONVERSION = YES;
				CLANG_WARN_OBJC_IMPLICIT_RETAIN_SELF = YES;
				CLANG_WARN_OBJC_LITERAL_CONVERSION = YES;
				CLANG_WARN_OBJC_ROOT_CLASS = YES_ERROR;
				CLANG_WARN_QUOTED_INCLUDE_IN_FRAMEWORK_HEADER = YES;
				CLANG_WARN_RANGE_LOOP_ANALYSIS = YES;
				CLANG_WARN_STRICT_PROTOTYPES = YES;
				CLANG_WARN_SUSPICIOUS_MOVE = YES;
				CLANG_WARN_UNGUARDED_AVAILABILITY = YES_AGGRESSIVE;
				CLANG_WARN_UNREACHABLE_CODE = YES;
				CLANG_WARN__DUPLICATE_METHOD_MATCH = YES;
				COPY_PHASE_STRIP = NO;
				DEBUG_INFORMATION_FORMAT = dwarf;
				DEVELOPMENT_TEAM = GCA2673VBM;
				ENABLE_STRICT_OBJC_MSGSEND = YES;
				ENABLE_TESTABILITY = YES;
				ENABLE_USER_SCRIPT_SANDBOXING = YES;
				GCC_C_LANGUAGE_STANDARD = gnu17;
				GCC_DYNAMIC_NO_PIC = NO;
				GCC_NO_COMMON_BLOCKS = YES;
				GCC_OPTIMIZATION_LEVEL = 0;
				GCC_PREPROCESSOR_DEFINITIONS = (
					"DEBUG=1",
					"$(inherited)",
				);
				GCC_WARN_64_TO_32_BIT_CONVERSION = YES;
				GCC_WARN_ABOUT_RETURN_TYPE = YES_ERROR;
				GCC_WARN_UNDECLARED_SELECTOR = YES;
				GCC_WARN_UNINITIALIZED_AUTOS = YES_AGGRESSIVE;
				GCC_WARN_UNUSED_FUNCTION = YES;
				GCC_WARN_UNUSED_VARIABLE = YES;
				LOCALIZATION_PREFERS_STRING_CATALOGS = YES;
				MACOSX_DEPLOYMENT_TARGET = 26.6;
				MTL_ENABLE_DEBUG_INFO = INCLUDE_SOURCE;
				MTL_FAST_MATH = YES;
				ONLY_ACTIVE_ARCH = YES;
				SDKROOT = macosx;
				SWIFT_ACTIVE_COMPILATION_CONDITIONS = "DEBUG $(inherited)";
				SWIFT_OPTIMIZATION_LEVEL = "-Onone";
			};
			name = Debug;
		};
		8A57D3EB305E3D7300FF0291 /* Release configuration for PBXProject "GooCal" */ = {
			isa = XCBuildConfiguration;
			buildSettings = {
				ALWAYS_SEARCH_USER_PATHS = NO;
				ASSETCATALOG_COMPILER_GENERATE_SWIFT_ASSET_SYMBOL_EXTENSIONS = YES;
				CLANG_ANALYZER_NONNULL = YES;
				CLANG_ANALYZER_NUMBER_OBJECT_CONVERSION = YES_AGGRESSIVE;
				CLANG_CXX_LANGUAGE_STANDARD = "gnu++20";
				CLANG_ENABLE_MODULES = YES;
				CLANG_ENABLE_OBJC_ARC = YES;
				CLANG_ENABLE_OBJC_WEAK = YES;
				CLANG_WARN_BLOCK_CAPTURE_AUTORELEASING = YES;
				CLANG_WARN_BOOL_CONVERSION = YES;
				CLANG_WARN_COMMA = YES;
				CLANG_WARN_CONSTANT_CONVERSION = YES;
				CLANG_WARN_DEPRECATED_OBJC_IMPLEMENTATIONS = YES;
				CLANG_WARN_DIRECT_OBJC_ISA_USAGE = YES_ERROR;
				CLANG_WARN_DOCUMENTATION_COMMENTS = YES;
				CLANG_WARN_EMPTY_BODY = YES;
				CLANG_WARN_ENUM_CONVERSION = YES;
				CLANG_WARN_INFINITE_RECURSION = YES;
				CLANG_WARN_INT_CONVERSION = YES;
				CLANG_WARN_NON_LITERAL_NULL_CONVERSION = YES;
				CLANG_WARN_OBJC_IMPLICIT_RETAIN_SELF = YES;
				CLANG_WARN_OBJC_LITERAL_CONVERSION = YES;
				CLANG_WARN_OBJC_ROOT_CLASS = YES_ERROR;
				CLANG_WARN_QUOTED_INCLUDE_IN_FRAMEWORK_HEADER = YES;
				CLANG_WARN_RANGE_LOOP_ANALYSIS = YES;
				CLANG_WARN_STRICT_PROTOTYPES = YES;
				CLANG_WARN_SUSPICIOUS_MOVE = YES;
				CLANG_WARN_UNGUARDED_AVAILABILITY = YES_AGGRESSIVE;
				CLANG_WARN_UNREACHABLE_CODE = YES;
				CLANG_WARN__DUPLICATE_METHOD_MATCH = YES;
				COPY_PHASE_STRIP = NO;
				DEBUG_INFORMATION_FORMAT = "dwarf-with-dsym";
				DEVELOPMENT_TEAM = GCA2673VBM;
				ENABLE_NS_ASSERTIONS = NO;
				ENABLE_STRICT_OBJC_MSGSEND = YES;
				ENABLE_USER_SCRIPT_SANDBOXING = YES;
				GCC_C_LANGUAGE_STANDARD = gnu17;
				GCC_NO_COMMON_BLOCKS = YES;
				GCC_WARN_64_TO_32_BIT_CONVERSION = YES;
				GCC_WARN_ABOUT_RETURN_TYPE = YES_ERROR;
				GCC_WARN_UNDECLARED_SELECTOR = YES;
				GCC_WARN_UNINITIALIZED_AUTOS = YES_AGGRESSIVE;
				GCC_WARN_UNUSED_FUNCTION = YES;
				GCC_WARN_UNUSED_VARIABLE = YES;
				LOCALIZATION_PREFERS_STRING_CATALOGS = YES;
				MACOSX_DEPLOYMENT_TARGET = 26.6;
				MTL_ENABLE_DEBUG_INFO = NO;
				MTL_FAST_MATH = YES;
				SDKROOT = macosx;
				SWIFT_COMPILATION_MODE = wholemodule;
			};
			name = Release;
		};
		8A57D3ED305E3D7300FF0291 /* Debug configuration for PBXNativeTarget "GooCal" */ = {
			isa = XCBuildConfiguration;
			buildSettings = {
				ASSETCATALOG_COMPILER_APPICON_NAME = AppIcon;
				ASSETCATALOG_COMPILER_GLOBAL_ACCENT_COLOR_NAME = AccentColor;
				CODE_SIGN_STYLE = Automatic;
				COMBINE_HIDPI_IMAGES = YES;
				CURRENT_PROJECT_VERSION = 1;
				DEVELOPMENT_TEAM = GCA2673VBM;
				ENABLE_APP_SANDBOX = YES;
				ENABLE_HARDENED_RUNTIME = YES;
				ENABLE_PREVIEWS = YES;
				ENABLE_USER_SELECTED_FILES = readonly;
				GENERATE_INFOPLIST_FILE = YES;
				INFOPLIST_KEY_LSUIElement = YES;
				INFOPLIST_KEY_NSHumanReadableCopyright = "";
				LD_RUNPATH_SEARCH_PATHS = (
					"$(inherited)",
					"@executable_path/../Frameworks",
				);
				MARKETING_VERSION = 1.0;
				PRODUCT_BUNDLE_IDENTIFIER = com.karimfatehi.GooCal;
				PRODUCT_NAME = "$(TARGET_NAME)";
				REGISTER_APP_GROUPS = YES;
				STRING_CATALOG_GENERATE_SYMBOLS = YES;
				SWIFT_APPROACHABLE_CONCURRENCY = YES;
				SWIFT_DEFAULT_ACTOR_ISOLATION = MainActor;
				SWIFT_EMIT_LOC_STRINGS = YES;
				SWIFT_UPCOMING_FEATURE_MEMBER_IMPORT_VISIBILITY = YES;
				SWIFT_VERSION = 5.0;
			};
			name = Debug;
		};
		8A57D3EE305E3D7300FF0291 /* Release configuration for PBXNativeTarget "GooCal" */ = {
			isa = XCBuildConfiguration;
			buildSettings = {
				ASSETCATALOG_COMPILER_APPICON_NAME = AppIcon;
				ASSETCATALOG_COMPILER_GLOBAL_ACCENT_COLOR_NAME = AccentColor;
				CODE_SIGN_STYLE = Automatic;
				COMBINE_HIDPI_IMAGES = YES;
				CURRENT_PROJECT_VERSION = 1;
				DEVELOPMENT_TEAM = GCA2673VBM;
				ENABLE_APP_SANDBOX = YES;
				ENABLE_HARDENED_RUNTIME = YES;
				ENABLE_PREVIEWS = YES;
				ENABLE_USER_SELECTED_FILES = readonly;
				GENERATE_INFOPLIST_FILE = YES;
				INFOPLIST_KEY_LSUIElement = YES;
				INFOPLIST_KEY_NSHumanReadableCopyright = "";
				LD_RUNPATH_SEARCH_PATHS = (
					"$(inherited)",
					"@executable_path/../Frameworks",
				);
				MARKETING_VERSION = 1.0;
				PRODUCT_BUNDLE_IDENTIFIER = com.karimfatehi.GooCal;
				PRODUCT_NAME = "$(TARGET_NAME)";
				REGISTER_APP_GROUPS = YES;
				STRING_CATALOG_GENERATE_SYMBOLS = YES;
				SWIFT_APPROACHABLE_CONCURRENCY = YES;
				SWIFT_DEFAULT_ACTOR_ISOLATION = MainActor;
				SWIFT_EMIT_LOC_STRINGS = YES;
				SWIFT_UPCOMING_FEATURE_MEMBER_IMPORT_VISIBILITY = YES;
				SWIFT_VERSION = 5.0;
			};
			name = Release;
		};
		8A57D3F0305E3D7300FF0291 /* Debug configuration for PBXNativeTarget "GooCalTests" */ = {
			isa = XCBuildConfiguration;
			buildSettings = {
				BUNDLE_LOADER = "$(TEST_HOST)";
				CODE_SIGN_STYLE = Automatic;
				CURRENT_PROJECT_VERSION = 1;
				DEVELOPMENT_TEAM = GCA2673VBM;
				GENERATE_INFOPLIST_FILE = YES;
				MACOSX_DEPLOYMENT_TARGET = 26.6;
				MARKETING_VERSION = 1.0;
				OTHER_LDFLAGS = (
					"$(inherited)",
					"$(PROJECT_DIR)/build/GooCal.build/$(CONFIGURATION)/GooCal.build/Objects-normal/$(CURRENT_ARCH)/AppState.o",
					"$(PROJECT_DIR)/build/GooCal.build/$(CONFIGURATION)/GooCal.build/Objects-normal/$(CURRENT_ARCH)/LaunchAtLoginService.o",
				);
				PRODUCT_BUNDLE_IDENTIFIER = com.karimfatehi.GooCalTests;
				PRODUCT_NAME = "$(TARGET_NAME)";
				STRING_CATALOG_GENERATE_SYMBOLS = NO;
				SWIFT_APPROACHABLE_CONCURRENCY = YES;
				SWIFT_EMIT_LOC_STRINGS = NO;
				SWIFT_UPCOMING_FEATURE_MEMBER_IMPORT_VISIBILITY = YES;
				SWIFT_VERSION = 5.0;
				TEST_HOST = "$(BUILT_PRODUCTS_DIR)/GooCal.app/$(BUNDLE_EXECUTABLE_FOLDER_PATH)/GooCal";
			};
			name = Debug;
		};
		8A57D3F1305E3D7300FF0291 /* Release configuration for PBXNativeTarget "GooCalTests" */ = {
			isa = XCBuildConfiguration;
			buildSettings = {
				BUNDLE_LOADER = "$(TEST_HOST)";
				CODE_SIGN_STYLE = Automatic;
				CURRENT_PROJECT_VERSION = 1;
				DEVELOPMENT_TEAM = GCA2673VBM;
				GENERATE_INFOPLIST_FILE = YES;
				MACOSX_DEPLOYMENT_TARGET = 26.6;
				MARKETING_VERSION = 1.0;
				OTHER_LDFLAGS = (
					"$(inherited)",
					"$(PROJECT_DIR)/build/GooCal.build/$(CONFIGURATION)/GooCal.build/Objects-normal/$(CURRENT_ARCH)/AppState.o",
					"$(PROJECT_DIR)/build/GooCal.build/$(CONFIGURATION)/GooCal.build/Objects-normal/$(CURRENT_ARCH)/LaunchAtLoginService.o",
				);
				PRODUCT_BUNDLE_IDENTIFIER = com.karimfatehi.GooCalTests;
				PRODUCT_NAME = "$(TARGET_NAME)";
				STRING_CATALOG_GENERATE_SYMBOLS = NO;
				SWIFT_APPROACHABLE_CONCURRENCY = YES;
				SWIFT_EMIT_LOC_STRINGS = NO;
				SWIFT_UPCOMING_FEATURE_MEMBER_IMPORT_VISIBILITY = YES;
				SWIFT_VERSION = 5.0;
				TEST_HOST = "$(BUILT_PRODUCTS_DIR)/GooCal.app/$(BUNDLE_EXECUTABLE_FOLDER_PATH)/GooCal";
			};
			name = Release;
		};
		8A57D3F3305E3D7300FF0291 /* Debug configuration for PBXNativeTarget "GooCalUITests" */ = {
			isa = XCBuildConfiguration;
			buildSettings = {
				CODE_SIGN_STYLE = Automatic;
				CURRENT_PROJECT_VERSION = 1;
				DEVELOPMENT_TEAM = GCA2673VBM;
				GENERATE_INFOPLIST_FILE = YES;
				MARKETING_VERSION = 1.0;
				PRODUCT_BUNDLE_IDENTIFIER = com.karimfatehi.GooCalUITests;
				PRODUCT_NAME = "$(TARGET_NAME)";
				STRING_CATALOG_GENERATE_SYMBOLS = NO;
				SWIFT_APPROACHABLE_CONCURRENCY = YES;
				SWIFT_EMIT_LOC_STRINGS = NO;
				SWIFT_UPCOMING_FEATURE_MEMBER_IMPORT_VISIBILITY = YES;
				SWIFT_VERSION = 5.0;
				TEST_TARGET_NAME = GooCal;
			};
			name = Debug;
		};
		8A57D3F4305E3D7300FF0291 /* Release configuration for PBXNativeTarget "GooCalUITests" */ = {
			isa = XCBuildConfiguration;
			buildSettings = {
				CODE_SIGN_STYLE = Automatic;
				CURRENT_PROJECT_VERSION = 1;
				DEVELOPMENT_TEAM = GCA2673VBM;
				GENERATE_INFOPLIST_FILE = YES;
				MARKETING_VERSION = 1.0;
				PRODUCT_BUNDLE_IDENTIFIER = com.karimfatehi.GooCalUITests;
				PRODUCT_NAME = "$(TARGET_NAME)";
				STRING_CATALOG_GENERATE_SYMBOLS = NO;
				SWIFT_APPROACHABLE_CONCURRENCY = YES;
				SWIFT_EMIT_LOC_STRINGS = NO;
				SWIFT_UPCOMING_FEATURE_MEMBER_IMPORT_VISIBILITY = YES;
				SWIFT_VERSION = 5.0;
				TEST_TARGET_NAME = GooCal;
			};
			name = Release;
		};
/* End XCBuildConfiguration section */

/* Begin XCConfigurationList section */
		8A57D3C6305E3D7200FF0291 /* Build configuration list for PBXProject "GooCal" */ = {
			isa = XCConfigurationList;
			buildConfigurations = (
				8A57D3EA305E3D7300FF0291 /* Debug configuration for PBXProject "GooCal" */,
				8A57D3EB305E3D7300FF0291 /* Release configuration for PBXProject "GooCal" */,
			);
			defaultConfigurationName = Release;
		};
		8A57D3EC305E3D7300FF0291 /* Build configuration list for PBXNativeTarget "GooCal" */ = {
			isa = XCConfigurationList;
			buildConfigurations = (
				8A57D3ED305E3D7300FF0291 /* Debug configuration for PBXNativeTarget "GooCal" */,
				8A57D3EE305E3D7300FF0291 /* Release configuration for PBXNativeTarget "GooCal" */,
			);
			defaultConfigurationName = Release;
		};
		8A57D3EF305E3D7300FF0291 /* Build configuration list for PBXNativeTarget "GooCalTests" */ = {
			isa = XCConfigurationList;
			buildConfigurations = (
				8A57D3F0305E3D7300FF0291 /* Debug configuration for PBXNativeTarget "GooCalTests" */,
				8A57D3F1305E3D7300FF0291 /* Release configuration for PBXNativeTarget "GooCalTests" */,
			);
			defaultConfigurationName = Release;
		};
		8A57D3F2305E3D7300FF0291 /* Build configuration list for PBXNativeTarget "GooCalUITests" */ = {
			isa = XCConfigurationList;
			buildConfigurations = (
				8A57D3F3305E3D7300FF0291 /* Debug configuration for PBXNativeTarget "GooCalUITests" */,
				8A57D3F4305E3D7300FF0291 /* Release configuration for PBXNativeTarget "GooCalUITests" */,
			);
			defaultConfigurationName = Release;
		};
/* End XCConfigurationList section */
	};
	rootObject = 8A57D3C3305E3D7200FF0291 /* Project object */;
	validationLevel = 1;
}
